
Microsoft Visual Studio Solution File, Format Version 12.00
# Visual Studio Version 17
VisualStudioVersion = 17.9.34622.214
MinimumVisualStudioVersion = 10.0.40219.1
Project("{2150E333-8FDC-42A3-9474-1A3956D46DE8}") = "SolutionItems", "SolutionItems", "{3B17FCAC-176E-4C77-93D5-CF3733209069}"
	ProjectSection(SolutionItems) = preProject
		Directory.Packages.props = Directory.Packages.props
	EndProjectSection
EndProject
Project("{2150E333-8FDC-42A3-9474-1A3956D46DE8}") = "src", "src", "{F80424EF-58DB-4C96-8F92-53BE410964B1}"
EndProject
Project("{FAE04EC0-301F-11D3-BF4B-00C04F79EFBC}") = "TestFramework", "TestFramework\TestFramework.csproj", "{52B0DDA8-606A-438E-A6B0-AD4A530EA654}"
EndProject
Project("{2150E333-8FDC-42A3-9474-1A3956D46DE8}") = "tests", "tests", "{E5E243D2-C5F0-4E6C-B877-B35AFB4BC7A0}"
EndProject
Project("{FAE04EC0-301F-11D3-BF4B-00C04F79EFBC}") = "Tests", "Tests\Tests.csproj", "{97510AC2-A906-474F-8FB1-12BA0C927044}"
EndProject
Global
	GlobalSection(SolutionConfigurationPlatforms) = preSolution
		Debug|Any CPU = Debug|Any CPU
		Release|Any CPU = Release|Any CPU
	EndGlobalSection
	GlobalSection(ProjectConfigurationPlatforms) = postSolution
		{52B0DDA8-606A-438E-A6B0-AD4A530EA654}.Debug|Any CPU.ActiveCfg = Debug|Any CPU
		{52B0DDA8-606A-438E-A6B0-AD4A530EA654}.Debug|Any CPU.Build.0 = Debug|Any CPU
		{52B0DDA8-606A-438E-A6B0-AD4A530EA654}.Release|Any CPU.ActiveCfg = Release|Any CPU
		{52B0DDA8-606A-438E-A6B0-AD4A530EA654}.Release|Any CPU.Build.0 = Release|Any CPU
		{97510AC2-A906-474F-8FB1-12BA0C927044}.Debug|Any CPU.ActiveCfg = Debug|Any CPU
		{97510AC2-A906-474F-8FB1-12BA0C927044}.Debug|Any CPU.Build.0 = Debug|Any CPU
		{97510AC2-A906-474F-8FB1-12BA0C927044}.Release|Any CPU.ActiveCfg = Release|Any CPU
		{97510AC2-A906-474F-8FB1-12BA0C927044}.Release|Any CPU.Build.0 = Release|Any CPU
	EndGlobalSection
	GlobalSection(SolutionProperties) = preSolution
		HideSolutionNode = FALSE
	EndGlobalSection
	GlobalSection(NestedProjects) = preSolution
		{52B0DDA8-606A-438E-A6B0-AD4A530EA654} = {F80424EF-58DB-4C96-8F92-53BE410964B1}
		{97510AC2-A906-474F-8FB1-12BA0C927044} = {E5E243D2-C5F0-4E6C-B877-B35AFB4BC7A0}
	EndGlobalSection
	GlobalSection(ExtensibilityGlobals) = postSolution
		SolutionGuid = {730C0460-C3CE-46CC-B7FF-72511B10CF03}
	EndGlobalSection
EndGlobal
